
Microsoft Visual Studio Solution File, Format Version 12.00
# Visual Studio Version 17
VisualStudioVersion = 17.13.35931.197 d17.13
MinimumVisualStudioVersion = 10.0.40219.1
Project("{8BC9CEB8-8B4A-11D0-8D11-00A0C91BC942}") = "Topological Sort", "Topological Sort\Topological Sort.vcxproj", "{33E19F4B-E17E-4764-849A-D965ED83F557}"
EndProject
Global
	GlobalSection(SolutionConfigurationPlatforms) = preSolution
		Debug|x64 = Debug|x64
		Debug|x86 = Debug|x86
		Release|x64 = Release|x64
		Release|x86 = Release|x86
	EndGlobalSection
	GlobalSection(ProjectConfigurationPlatforms) = postSolution
		{33E19F4B-E17E-4764-849A-D965ED83F557}.Debug|x64.ActiveCfg = Debug|x64
		{33E19F4B-E17E-4764-849A-D965ED83F557}.Debug|x64.Build.0 = Debug|x64
		{33E19F4B-E17E-4764-849A-D965ED83F557}.Debug|x86.ActiveCfg = Debug|Win32
		{33E19F4B-E17E-4764-849A-D965ED83F557}.Debug|x86.Build.0 = Debug|Win32
		{33E19F4B-E17E-4764-849A-D965ED83F557}.Release|x64.ActiveCfg = Release|x64
		{33E19F4B-E17E-4764-849A-D965ED83F557}.Release|x64.Build.0 = Release|x64
		{33E19F4B-E17E-4764-849A-D965ED83F557}.Release|x86.ActiveCfg = Release|Win32
		{33E19F4B-E17E-4764-849A-D965ED83F557}.Release|x86.Build.0 = Release|Win32
	EndGlobalSection
	GlobalSection(SolutionProperties) = preSolution
		HideSolutionNode = FALSE
	EndGlobalSection
	GlobalSection(ExtensibilityGlobals) = postSolution
		SolutionGuid = {7DE18A7A-EB10-4C60-8829-DF7E29418A7A}
	EndGlobalSection
EndGlobal
